
Microsoft Visual Studio Solution File, Format Version 12.00
# Visual Studio Version 16
VisualStudioVersion = 16.0.29503.13
MinimumVisualStudioVersion = 10.0.40219.1
Project("{FAE04EC0-301F-11D3-BF4B-00C04F79EFBC}") = "05.AppliedArithmetics", "05.AppliedArithmetics\05.AppliedArithmetics.csproj", "{BEB8EDAC-CA16-4D16-901F-C35EC84F0EAC}"
EndProject
Global
	GlobalSection(SolutionConfigurationPlatforms) = preSolution
		Debug|Any CPU = Debug|Any CPU
		Release|Any CPU = Release|Any CPU
	EndGlobalSection
	GlobalSection(ProjectConfigurationPlatforms) = postSolution
		{BEB8EDAC-CA16-4D16-901F-C35EC84F0EAC}.Debug|Any CPU.ActiveCfg = Debug|Any CPU
		{BEB8EDAC-CA16-4D16-901F-C35EC84F0EAC}.Debug|Any CPU.Build.0 = Debug|Any CPU
		{BEB8EDAC-CA16-4D16-901F-C35EC84F0EAC}.Release|Any CPU.ActiveCfg = Release|Any CPU
		{BEB8EDAC-CA16-4D16-901F-C35EC84F0EAC}.Release|Any CPU.Build.0 = Release|Any CPU
	EndGlobalSection
	GlobalSection(SolutionProperties) = preSolution
		HideSolutionNode = FALSE
	EndGlobalSection
	GlobalSection(ExtensibilityGlobals) = postSolution
		SolutionGuid = {CEBDC2FA-A36E-4B38-9A3A-226230E15590}
	EndGlobalSection
EndGlobal
