
Microsoft Visual Studio Solution File, Format Version 12.00
# Visual Studio 15
VisualStudioVersion = 15.0.28307.1000
MinimumVisualStudioVersion = 10.0.40219.1
Project("{FAE04EC0-301F-11D3-BF4B-00C04F79EFBC}") = "05.SnakeMoves", "05.SnakeMoves\05.SnakeMoves.csproj", "{D5A2907F-5C81-45C2-AFC9-BE25B7DD7443}"
EndProject
Global
	GlobalSection(SolutionConfigurationPlatforms) = preSolution
		Debug|Any CPU = Debug|Any CPU
		Release|Any CPU = Release|Any CPU
	EndGlobalSection
	GlobalSection(ProjectConfigurationPlatforms) = postSolution
		{D5A2907F-5C81-45C2-AFC9-BE25B7DD7443}.Debug|Any CPU.ActiveCfg = Debug|Any CPU
		{D5A2907F-5C81-45C2-AFC9-BE25B7DD7443}.Debug|Any CPU.Build.0 = Debug|Any CPU
		{D5A2907F-5C81-45C2-AFC9-BE25B7DD7443}.Release|Any CPU.ActiveCfg = Release|Any CPU
		{D5A2907F-5C81-45C2-AFC9-BE25B7DD7443}.Release|Any CPU.Build.0 = Release|Any CPU
	EndGlobalSection
	GlobalSection(SolutionProperties) = preSolution
		HideSolutionNode = FALSE
	EndGlobalSection
	GlobalSection(ExtensibilityGlobals) = postSolution
		SolutionGuid = {CCC84D4E-B36D-4ACC-9FEC-A906818861AE}
	EndGlobalSection
EndGlobal
