
Microsoft Visual Studio Solution File, Format Version 12.00
# Visual Studio Version 16
VisualStudioVersion = 16.0.29503.13
MinimumVisualStudioVersion = 10.0.40219.1
Project("{FAE04EC0-301F-11D3-BF4B-00C04F79EFBC}") = "GenericScale", "GenericScale\GenericScale.csproj", "{C28B7A39-85D5-4E95-9ABA-1740F9FC9FDC}"
EndProject
Global
	GlobalSection(SolutionConfigurationPlatforms) = preSolution
		Debug|Any CPU = Debug|Any CPU
		Release|Any CPU = Release|Any CPU
	EndGlobalSection
	GlobalSection(ProjectConfigurationPlatforms) = postSolution
		{C28B7A39-85D5-4E95-9ABA-1740F9FC9FDC}.Debug|Any CPU.ActiveCfg = Debug|Any CPU
		{C28B7A39-85D5-4E95-9ABA-1740F9FC9FDC}.Debug|Any CPU.Build.0 = Debug|Any CPU
		{C28B7A39-85D5-4E95-9ABA-1740F9FC9FDC}.Release|Any CPU.ActiveCfg = Release|Any CPU
		{C28B7A39-85D5-4E95-9ABA-1740F9FC9FDC}.Release|Any CPU.Build.0 = Release|Any CPU
	EndGlobalSection
	GlobalSection(SolutionProperties) = preSolution
		HideSolutionNode = FALSE
	EndGlobalSection
	GlobalSection(ExtensibilityGlobals) = postSolution
		SolutionGuid = {61CF11C6-7805-4AEC-870A-F867E07CDDB8}
	EndGlobalSection
EndGlobal
