
Microsoft Visual Studio Solution File, Format Version 12.00
# Visual Studio Version 16
VisualStudioVersion = 16.0.29503.13
MinimumVisualStudioVersion = 10.0.40219.1
Project("{FAE04EC0-301F-11D3-BF4B-00C04F79EFBC}") = "10.PredicateParty!", "10.PredicateParty!\10.PredicateParty!.csproj", "{77C350BD-C5B5-4ADC-821C-BE4FA0223CF7}"
EndProject
Global
	GlobalSection(SolutionConfigurationPlatforms) = preSolution
		Debug|Any CPU = Debug|Any CPU
		Release|Any CPU = Release|Any CPU
	EndGlobalSection
	GlobalSection(ProjectConfigurationPlatforms) = postSolution
		{77C350BD-C5B5-4ADC-821C-BE4FA0223CF7}.Debug|Any CPU.ActiveCfg = Debug|Any CPU
		{77C350BD-C5B5-4ADC-821C-BE4FA0223CF7}.Debug|Any CPU.Build.0 = Debug|Any CPU
		{77C350BD-C5B5-4ADC-821C-BE4FA0223CF7}.Release|Any CPU.ActiveCfg = Release|Any CPU
		{77C350BD-C5B5-4ADC-821C-BE4FA0223CF7}.Release|Any CPU.Build.0 = Release|Any CPU
	EndGlobalSection
	GlobalSection(SolutionProperties) = preSolution
		HideSolutionNode = FALSE
	EndGlobalSection
	GlobalSection(ExtensibilityGlobals) = postSolution
		SolutionGuid = {7FD10058-0819-41E9-BDE1-AB40FAB82A7B}
	EndGlobalSection
EndGlobal
