
Microsoft Visual Studio Solution File, Format Version 12.00
# Visual Studio Version 16
VisualStudioVersion = 16.0.29503.13
MinimumVisualStudioVersion = 10.0.40219.1
Project("{FAE04EC0-301F-11D3-BF4B-00C04F79EFBC}") = "02.LineNumbers", "02.LineNumbers\02.LineNumbers.csproj", "{FBF7C199-D9B6-47EC-88C7-005482482B4C}"
EndProject
Global
	GlobalSection(SolutionConfigurationPlatforms) = preSolution
		Debug|Any CPU = Debug|Any CPU
		Release|Any CPU = Release|Any CPU
	EndGlobalSection
	GlobalSection(ProjectConfigurationPlatforms) = postSolution
		{FBF7C199-D9B6-47EC-88C7-005482482B4C}.Debug|Any CPU.ActiveCfg = Debug|Any CPU
		{FBF7C199-D9B6-47EC-88C7-005482482B4C}.Debug|Any CPU.Build.0 = Debug|Any CPU
		{FBF7C199-D9B6-47EC-88C7-005482482B4C}.Release|Any CPU.ActiveCfg = Release|Any CPU
		{FBF7C199-D9B6-47EC-88C7-005482482B4C}.Release|Any CPU.Build.0 = Release|Any CPU
	EndGlobalSection
	GlobalSection(SolutionProperties) = preSolution
		HideSolutionNode = FALSE
	EndGlobalSection
	GlobalSection(ExtensibilityGlobals) = postSolution
		SolutionGuid = {85C5B3B4-D0E7-4900-830B-CC95A0907A2D}
	EndGlobalSection
EndGlobal
