
Microsoft Visual Studio Solution File, Format Version 12.00
# Visual Studio Version 16
VisualStudioVersion = 16.0.29503.13
MinimumVisualStudioVersion = 10.0.40219.1
Project("{FAE04EC0-301F-11D3-BF4B-00C04F79EFBC}") = "BoxOfT", "BoxOfT\BoxOfT.csproj", "{B7795DF1-2F64-486A-83DB-1D2AA36CD8CF}"
EndProject
Global
	GlobalSection(SolutionConfigurationPlatforms) = preSolution
		Debug|Any CPU = Debug|Any CPU
		Release|Any CPU = Release|Any CPU
	EndGlobalSection
	GlobalSection(ProjectConfigurationPlatforms) = postSolution
		{B7795DF1-2F64-486A-83DB-1D2AA36CD8CF}.Debug|Any CPU.ActiveCfg = Debug|Any CPU
		{B7795DF1-2F64-486A-83DB-1D2AA36CD8CF}.Debug|Any CPU.Build.0 = Debug|Any CPU
		{B7795DF1-2F64-486A-83DB-1D2AA36CD8CF}.Release|Any CPU.ActiveCfg = Release|Any CPU
		{B7795DF1-2F64-486A-83DB-1D2AA36CD8CF}.Release|Any CPU.Build.0 = Release|Any CPU
	EndGlobalSection
	GlobalSection(SolutionProperties) = preSolution
		HideSolutionNode = FALSE
	EndGlobalSection
	GlobalSection(ExtensibilityGlobals) = postSolution
		SolutionGuid = {BF33B095-331D-4589-8635-1E9B5E809A63}
	EndGlobalSection
EndGlobal
