
Microsoft Visual Studio Solution File, Format Version 12.00
# Visual Studio 15
VisualStudioVersion = 15.0.28307.1000
MinimumVisualStudioVersion = 10.0.40219.1
Project("{FAE04EC0-301F-11D3-BF4B-00C04F79EFBC}") = "05.FilterByAge", "05.FilterByAge\05.FilterByAge.csproj", "{114293A2-CCEE-4F35-B6BF-FB3E2985445C}"
EndProject
Global
	GlobalSection(SolutionConfigurationPlatforms) = preSolution
		Debug|Any CPU = Debug|Any CPU
		Release|Any CPU = Release|Any CPU
	EndGlobalSection
	GlobalSection(ProjectConfigurationPlatforms) = postSolution
		{114293A2-CCEE-4F35-B6BF-FB3E2985445C}.Debug|Any CPU.ActiveCfg = Debug|Any CPU
		{114293A2-CCEE-4F35-B6BF-FB3E2985445C}.Debug|Any CPU.Build.0 = Debug|Any CPU
		{114293A2-CCEE-4F35-B6BF-FB3E2985445C}.Release|Any CPU.ActiveCfg = Release|Any CPU
		{114293A2-CCEE-4F35-B6BF-FB3E2985445C}.Release|Any CPU.Build.0 = Release|Any CPU
	EndGlobalSection
	GlobalSection(SolutionProperties) = preSolution
		HideSolutionNode = FALSE
	EndGlobalSection
	GlobalSection(ExtensibilityGlobals) = postSolution
		SolutionGuid = {0F8D4996-741F-4DF6-8028-FDF9D984DD20}
	EndGlobalSection
EndGlobal
