
Microsoft Visual Studio Solution File, Format Version 12.00
# Visual Studio 15
VisualStudioVersion = 15.0.28307.1000
MinimumVisualStudioVersion = 10.0.40219.1
Project("{FAE04EC0-301F-11D3-BF4B-00C04F79EFBC}") = "12.TriFunction", "12.TriFunction\12.TriFunction.csproj", "{ED48FACA-C911-40A9-8852-52D2DE4EBBF0}"
EndProject
Global
	GlobalSection(SolutionConfigurationPlatforms) = preSolution
		Debug|Any CPU = Debug|Any CPU
		Release|Any CPU = Release|Any CPU
	EndGlobalSection
	GlobalSection(ProjectConfigurationPlatforms) = postSolution
		{ED48FACA-C911-40A9-8852-52D2DE4EBBF0}.Debug|Any CPU.ActiveCfg = Debug|Any CPU
		{ED48FACA-C911-40A9-8852-52D2DE4EBBF0}.Debug|Any CPU.Build.0 = Debug|Any CPU
		{ED48FACA-C911-40A9-8852-52D2DE4EBBF0}.Release|Any CPU.ActiveCfg = Release|Any CPU
		{ED48FACA-C911-40A9-8852-52D2DE4EBBF0}.Release|Any CPU.Build.0 = Release|Any CPU
	EndGlobalSection
	GlobalSection(SolutionProperties) = preSolution
		HideSolutionNode = FALSE
	EndGlobalSection
	GlobalSection(ExtensibilityGlobals) = postSolution
		SolutionGuid = {5140A8E8-4041-4D2A-AE4A-048B21D01BF6}
	EndGlobalSection
EndGlobal
