
Microsoft Visual Studio Solution File, Format Version 12.00
# Visual Studio Version 16
VisualStudioVersion = 16.0.29503.13
MinimumVisualStudioVersion = 10.0.40219.1
Project("{FAE04EC0-301F-11D3-BF4B-00C04F79EFBC}") = "03.MaximalSum", "03.MaximalSum\03.MaximalSum.csproj", "{734869DB-4AE8-410A-9FC7-1B86B0165933}"
EndProject
Global
	GlobalSection(SolutionConfigurationPlatforms) = preSolution
		Debug|Any CPU = Debug|Any CPU
		Release|Any CPU = Release|Any CPU
	EndGlobalSection
	GlobalSection(ProjectConfigurationPlatforms) = postSolution
		{734869DB-4AE8-410A-9FC7-1B86B0165933}.Debug|Any CPU.ActiveCfg = Debug|Any CPU
		{734869DB-4AE8-410A-9FC7-1B86B0165933}.Debug|Any CPU.Build.0 = Debug|Any CPU
		{734869DB-4AE8-410A-9FC7-1B86B0165933}.Release|Any CPU.ActiveCfg = Release|Any CPU
		{734869DB-4AE8-410A-9FC7-1B86B0165933}.Release|Any CPU.Build.0 = Release|Any CPU
	EndGlobalSection
	GlobalSection(SolutionProperties) = preSolution
		HideSolutionNode = FALSE
	EndGlobalSection
	GlobalSection(ExtensibilityGlobals) = postSolution
		SolutionGuid = {3D0976BC-9D19-44D6-8455-C83CE66CE249}
	EndGlobalSection
EndGlobal
