
Microsoft Visual Studio Solution File, Format Version 12.00
# Visual Studio Version 16
VisualStudioVersion = 16.0.29503.13
MinimumVisualStudioVersion = 10.0.40219.1
Project("{FAE04EC0-301F-11D3-BF4B-00C04F79EFBC}") = "08.Threeuple", "08.Threeuple\08.Threeuple.csproj", "{61B7D360-67F4-4632-A255-D23AA90DB7F6}"
EndProject
Global
	GlobalSection(SolutionConfigurationPlatforms) = preSolution
		Debug|Any CPU = Debug|Any CPU
		Release|Any CPU = Release|Any CPU
	EndGlobalSection
	GlobalSection(ProjectConfigurationPlatforms) = postSolution
		{61B7D360-67F4-4632-A255-D23AA90DB7F6}.Debug|Any CPU.ActiveCfg = Debug|Any CPU
		{61B7D360-67F4-4632-A255-D23AA90DB7F6}.Debug|Any CPU.Build.0 = Debug|Any CPU
		{61B7D360-67F4-4632-A255-D23AA90DB7F6}.Release|Any CPU.ActiveCfg = Release|Any CPU
		{61B7D360-67F4-4632-A255-D23AA90DB7F6}.Release|Any CPU.Build.0 = Release|Any CPU
	EndGlobalSection
	GlobalSection(SolutionProperties) = preSolution
		HideSolutionNode = FALSE
	EndGlobalSection
	GlobalSection(ExtensibilityGlobals) = postSolution
		SolutionGuid = {945F0116-873E-484E-A59A-35CF694D108B}
	EndGlobalSection
EndGlobal
