
Microsoft Visual Studio Solution File, Format Version 12.00
# Visual Studio Version 16
VisualStudioVersion = 16.0.29503.13
MinimumVisualStudioVersion = 10.0.40219.1
Project("{FAE04EC0-301F-11D3-BF4B-00C04F79EFBC}") = "07.HotPotato", "07.HotPotato\07.HotPotato.csproj", "{10A8E2EC-E1F2-4BFB-B605-F457AED58817}"
EndProject
Global
	GlobalSection(SolutionConfigurationPlatforms) = preSolution
		Debug|Any CPU = Debug|Any CPU
		Release|Any CPU = Release|Any CPU
	EndGlobalSection
	GlobalSection(ProjectConfigurationPlatforms) = postSolution
		{10A8E2EC-E1F2-4BFB-B605-F457AED58817}.Debug|Any CPU.ActiveCfg = Debug|Any CPU
		{10A8E2EC-E1F2-4BFB-B605-F457AED58817}.Debug|Any CPU.Build.0 = Debug|Any CPU
		{10A8E2EC-E1F2-4BFB-B605-F457AED58817}.Release|Any CPU.ActiveCfg = Release|Any CPU
		{10A8E2EC-E1F2-4BFB-B605-F457AED58817}.Release|Any CPU.Build.0 = Release|Any CPU
	EndGlobalSection
	GlobalSection(SolutionProperties) = preSolution
		HideSolutionNode = FALSE
	EndGlobalSection
	GlobalSection(ExtensibilityGlobals) = postSolution
		SolutionGuid = {8DF1A46D-084F-4A5A-BA04-5D7E8D630BF9}
	EndGlobalSection
EndGlobal
