
Microsoft Visual Studio Solution File, Format Version 12.00
# Visual Studio Version 16
VisualStudioVersion = 16.0.29503.13
MinimumVisualStudioVersion = 10.0.40219.1
Project("{FAE04EC0-301F-11D3-BF4B-00C04F79EFBC}") = "02.StackSum", "02.StackSum\02.StackSum.csproj", "{4EB33E98-354B-4A4E-902E-1D303BBE836F}"
EndProject
Global
	GlobalSection(SolutionConfigurationPlatforms) = preSolution
		Debug|Any CPU = Debug|Any CPU
		Release|Any CPU = Release|Any CPU
	EndGlobalSection
	GlobalSection(ProjectConfigurationPlatforms) = postSolution
		{4EB33E98-354B-4A4E-902E-1D303BBE836F}.Debug|Any CPU.ActiveCfg = Debug|Any CPU
		{4EB33E98-354B-4A4E-902E-1D303BBE836F}.Debug|Any CPU.Build.0 = Debug|Any CPU
		{4EB33E98-354B-4A4E-902E-1D303BBE836F}.Release|Any CPU.ActiveCfg = Release|Any CPU
		{4EB33E98-354B-4A4E-902E-1D303BBE836F}.Release|Any CPU.Build.0 = Release|Any CPU
	EndGlobalSection
	GlobalSection(SolutionProperties) = preSolution
		HideSolutionNode = FALSE
	EndGlobalSection
	GlobalSection(ExtensibilityGlobals) = postSolution
		SolutionGuid = {D9D642D8-912F-40EB-BBB8-EF765F4C0A0E}
	EndGlobalSection
EndGlobal
