
Microsoft Visual Studio Solution File, Format Version 12.00
# Visual Studio Version 16
VisualStudioVersion = 16.0.29503.13
MinimumVisualStudioVersion = 10.0.40219.1
Project("{FAE04EC0-301F-11D3-BF4B-00C04F79EFBC}") = "03.ProductShop", "03.ProductShop\03.ProductShop.csproj", "{2B9B4ABE-C542-48B0-B085-54CA3B4DB3DF}"
EndProject
Global
	GlobalSection(SolutionConfigurationPlatforms) = preSolution
		Debug|Any CPU = Debug|Any CPU
		Release|Any CPU = Release|Any CPU
	EndGlobalSection
	GlobalSection(ProjectConfigurationPlatforms) = postSolution
		{2B9B4ABE-C542-48B0-B085-54CA3B4DB3DF}.Debug|Any CPU.ActiveCfg = Debug|Any CPU
		{2B9B4ABE-C542-48B0-B085-54CA3B4DB3DF}.Debug|Any CPU.Build.0 = Debug|Any CPU
		{2B9B4ABE-C542-48B0-B085-54CA3B4DB3DF}.Release|Any CPU.ActiveCfg = Release|Any CPU
		{2B9B4ABE-C542-48B0-B085-54CA3B4DB3DF}.Release|Any CPU.Build.0 = Release|Any CPU
	EndGlobalSection
	GlobalSection(SolutionProperties) = preSolution
		HideSolutionNode = FALSE
	EndGlobalSection
	GlobalSection(ExtensibilityGlobals) = postSolution
		SolutionGuid = {D87CA4DD-3E78-4DFA-BF25-D36A97C296DD}
	EndGlobalSection
EndGlobal
