
Microsoft Visual Studio Solution File, Format Version 12.00
# Visual Studio Version 16
VisualStudioVersion = 16.0.29503.13
MinimumVisualStudioVersion = 10.0.40219.1
Project("{FAE04EC0-301F-11D3-BF4B-00C04F79EFBC}") = "05.PrintEvenNumbers", "05.PrintEvenNumbers\05.PrintEvenNumbers.csproj", "{AE748F9C-73C9-4AF5-A601-CD667B220DF1}"
EndProject
Global
	GlobalSection(SolutionConfigurationPlatforms) = preSolution
		Debug|Any CPU = Debug|Any CPU
		Release|Any CPU = Release|Any CPU
	EndGlobalSection
	GlobalSection(ProjectConfigurationPlatforms) = postSolution
		{AE748F9C-73C9-4AF5-A601-CD667B220DF1}.Debug|Any CPU.ActiveCfg = Debug|Any CPU
		{AE748F9C-73C9-4AF5-A601-CD667B220DF1}.Debug|Any CPU.Build.0 = Debug|Any CPU
		{AE748F9C-73C9-4AF5-A601-CD667B220DF1}.Release|Any CPU.ActiveCfg = Release|Any CPU
		{AE748F9C-73C9-4AF5-A601-CD667B220DF1}.Release|Any CPU.Build.0 = Release|Any CPU
	EndGlobalSection
	GlobalSection(SolutionProperties) = preSolution
		HideSolutionNode = FALSE
	EndGlobalSection
	GlobalSection(ExtensibilityGlobals) = postSolution
		SolutionGuid = {D5114630-22BB-43EB-862D-A9F4D95B70C3}
	EndGlobalSection
EndGlobal
