
Microsoft Visual Studio Solution File, Format Version 12.00
# Visual Studio Version 16
VisualStudioVersion = 16.0.30523.141
MinimumVisualStudioVersion = 10.0.40219.1
Project("{FAE04EC0-301F-11D3-BF4B-00C04F79EFBC}") = "RecursiveFactorial", "RecursiveFactorial\RecursiveFactorial.csproj", "{8C8CC642-CD37-4DE6-862A-73C21E2F3550}"
EndProject
Global
	GlobalSection(SolutionConfigurationPlatforms) = preSolution
		Debug|Any CPU = Debug|Any CPU
		Release|Any CPU = Release|Any CPU
	EndGlobalSection
	GlobalSection(ProjectConfigurationPlatforms) = postSolution
		{8C8CC642-CD37-4DE6-862A-73C21E2F3550}.Debug|Any CPU.ActiveCfg = Debug|Any CPU
		{8C8CC642-CD37-4DE6-862A-73C21E2F3550}.Debug|Any CPU.Build.0 = Debug|Any CPU
		{8C8CC642-CD37-4DE6-862A-73C21E2F3550}.Release|Any CPU.ActiveCfg = Release|Any CPU
		{8C8CC642-CD37-4DE6-862A-73C21E2F3550}.Release|Any CPU.Build.0 = Release|Any CPU
	EndGlobalSection
	GlobalSection(SolutionProperties) = preSolution
		HideSolutionNode = FALSE
	EndGlobalSection
	GlobalSection(ExtensibilityGlobals) = postSolution
		SolutionGuid = {E782B4F9-2A22-402D-989D-CCA699CEA45F}
	EndGlobalSection
EndGlobal
