
Microsoft Visual Studio Solution File, Format Version 12.00
# Visual Studio Version 16
VisualStudioVersion = 16.0.30523.141
MinimumVisualStudioVersion = 10.0.40219.1
Project("{FAE04EC0-301F-11D3-BF4B-00C04F79EFBC}") = "05.GenericCountMethodString", "05.GenericCountMethodString\05.GenericCountMethodString.csproj", "{006CC052-EF3F-4EDC-9B8D-2E8FB52973FC}"
EndProject
Global
	GlobalSection(SolutionConfigurationPlatforms) = preSolution
		Debug|Any CPU = Debug|Any CPU
		Release|Any CPU = Release|Any CPU
	EndGlobalSection
	GlobalSection(ProjectConfigurationPlatforms) = postSolution
		{006CC052-EF3F-4EDC-9B8D-2E8FB52973FC}.Debug|Any CPU.ActiveCfg = Debug|Any CPU
		{006CC052-EF3F-4EDC-9B8D-2E8FB52973FC}.Debug|Any CPU.Build.0 = Debug|Any CPU
		{006CC052-EF3F-4EDC-9B8D-2E8FB52973FC}.Release|Any CPU.ActiveCfg = Release|Any CPU
		{006CC052-EF3F-4EDC-9B8D-2E8FB52973FC}.Release|Any CPU.Build.0 = Release|Any CPU
	EndGlobalSection
	GlobalSection(SolutionProperties) = preSolution
		HideSolutionNode = FALSE
	EndGlobalSection
	GlobalSection(ExtensibilityGlobals) = postSolution
		SolutionGuid = {34033E3D-738E-4958-9833-7A00BA2D639D}
	EndGlobalSection
EndGlobal
