
Microsoft Visual Studio Solution File, Format Version 12.00
# Visual Studio Version 16
VisualStudioVersion = 16.0.30523.141
MinimumVisualStudioVersion = 10.0.40219.1
Project("{FAE04EC0-301F-11D3-BF4B-00C04F79EFBC}") = "02.GenericBoxOfInteger", "02.GenericBoxOfInteger\02.GenericBoxOfInteger.csproj", "{2E15C7D3-E648-43C0-B100-C15263FE3B16}"
EndProject
Global
	GlobalSection(SolutionConfigurationPlatforms) = preSolution
		Debug|Any CPU = Debug|Any CPU
		Release|Any CPU = Release|Any CPU
	EndGlobalSection
	GlobalSection(ProjectConfigurationPlatforms) = postSolution
		{2E15C7D3-E648-43C0-B100-C15263FE3B16}.Debug|Any CPU.ActiveCfg = Debug|Any CPU
		{2E15C7D3-E648-43C0-B100-C15263FE3B16}.Debug|Any CPU.Build.0 = Debug|Any CPU
		{2E15C7D3-E648-43C0-B100-C15263FE3B16}.Release|Any CPU.ActiveCfg = Release|Any CPU
		{2E15C7D3-E648-43C0-B100-C15263FE3B16}.Release|Any CPU.Build.0 = Release|Any CPU
	EndGlobalSection
	GlobalSection(SolutionProperties) = preSolution
		HideSolutionNode = FALSE
	EndGlobalSection
	GlobalSection(ExtensibilityGlobals) = postSolution
		SolutionGuid = {DC227647-96D0-43AE-9411-293F94F6B820}
	EndGlobalSection
EndGlobal
