
Microsoft Visual Studio Solution File, Format Version 12.00
# Visual Studio Version 16
VisualStudioVersion = 16.0.29503.13
MinimumVisualStudioVersion = 10.0.40219.1
Project("{FAE04EC0-301F-11D3-BF4B-00C04F79EFBC}") = "04.AddVAT", "04.AddVAT\04.AddVAT.csproj", "{60DE8F67-03E2-4485-A002-730A72D38CF9}"
EndProject
Global
	GlobalSection(SolutionConfigurationPlatforms) = preSolution
		Debug|Any CPU = Debug|Any CPU
		Release|Any CPU = Release|Any CPU
	EndGlobalSection
	GlobalSection(ProjectConfigurationPlatforms) = postSolution
		{60DE8F67-03E2-4485-A002-730A72D38CF9}.Debug|Any CPU.ActiveCfg = Debug|Any CPU
		{60DE8F67-03E2-4485-A002-730A72D38CF9}.Debug|Any CPU.Build.0 = Debug|Any CPU
		{60DE8F67-03E2-4485-A002-730A72D38CF9}.Release|Any CPU.ActiveCfg = Release|Any CPU
		{60DE8F67-03E2-4485-A002-730A72D38CF9}.Release|Any CPU.Build.0 = Release|Any CPU
	EndGlobalSection
	GlobalSection(SolutionProperties) = preSolution
		HideSolutionNode = FALSE
	EndGlobalSection
	GlobalSection(ExtensibilityGlobals) = postSolution
		SolutionGuid = {04B58AA5-F851-41B1-8E20-FA76D1BCDB29}
	EndGlobalSection
EndGlobal
