
Microsoft Visual Studio Solution File, Format Version 12.00
# Visual Studio Version 16
VisualStudioVersion = 16.0.30523.141
MinimumVisualStudioVersion = 10.0.40219.1
Project("{FAE04EC0-301F-11D3-BF4B-00C04F79EFBC}") = "CustomDoublyLinkedList", "CustomDoublyLinkedList\CustomDoublyLinkedList.csproj", "{0F891549-D653-4D94-B490-5B3611134F4D}"
EndProject
Global
	GlobalSection(SolutionConfigurationPlatforms) = preSolution
		Debug|Any CPU = Debug|Any CPU
		Release|Any CPU = Release|Any CPU
	EndGlobalSection
	GlobalSection(ProjectConfigurationPlatforms) = postSolution
		{0F891549-D653-4D94-B490-5B3611134F4D}.Debug|Any CPU.ActiveCfg = Debug|Any CPU
		{0F891549-D653-4D94-B490-5B3611134F4D}.Debug|Any CPU.Build.0 = Debug|Any CPU
		{0F891549-D653-4D94-B490-5B3611134F4D}.Release|Any CPU.ActiveCfg = Release|Any CPU
		{0F891549-D653-4D94-B490-5B3611134F4D}.Release|Any CPU.Build.0 = Release|Any CPU
	EndGlobalSection
	GlobalSection(SolutionProperties) = preSolution
		HideSolutionNode = FALSE
	EndGlobalSection
	GlobalSection(ExtensibilityGlobals) = postSolution
		SolutionGuid = {E97B53D4-43D1-4721-839B-3771A5584D4C}
	EndGlobalSection
EndGlobal
