
Microsoft Visual Studio Solution File, Format Version 12.00
# Visual Studio Version 16
VisualStudioVersion = 16.0.30523.141
MinimumVisualStudioVersion = 10.0.40219.1
Project("{FAE04EC0-301F-11D3-BF4B-00C04F79EFBC}") = "01.ListyIterator", "01.ListyIterator\01.ListyIterator.csproj", "{C81D5F16-E4F9-45E9-A96E-B6DBECDCFD5C}"
EndProject
Global
	GlobalSection(SolutionConfigurationPlatforms) = preSolution
		Debug|Any CPU = Debug|Any CPU
		Release|Any CPU = Release|Any CPU
	EndGlobalSection
	GlobalSection(ProjectConfigurationPlatforms) = postSolution
		{C81D5F16-E4F9-45E9-A96E-B6DBECDCFD5C}.Debug|Any CPU.ActiveCfg = Debug|Any CPU
		{C81D5F16-E4F9-45E9-A96E-B6DBECDCFD5C}.Debug|Any CPU.Build.0 = Debug|Any CPU
		{C81D5F16-E4F9-45E9-A96E-B6DBECDCFD5C}.Release|Any CPU.ActiveCfg = Release|Any CPU
		{C81D5F16-E4F9-45E9-A96E-B6DBECDCFD5C}.Release|Any CPU.Build.0 = Release|Any CPU
	EndGlobalSection
	GlobalSection(SolutionProperties) = preSolution
		HideSolutionNode = FALSE
	EndGlobalSection
	GlobalSection(ExtensibilityGlobals) = postSolution
		SolutionGuid = {B8B5036E-6849-44B3-A927-DF345E3BE1B6}
	EndGlobalSection
EndGlobal
