
Microsoft Visual Studio Solution File, Format Version 12.00
# Visual Studio 15
VisualStudioVersion = 15.0.28307.1000
MinimumVisualStudioVersion = 10.0.40219.1
Project("{FAE04EC0-301F-11D3-BF4B-00C04F79EFBC}") = "11.PartyReservationFilterModule", "11.PartyReservationFilterModule\11.PartyReservationFilterModule.csproj", "{BC431DF0-838D-4B9D-BA8E-8F28DA012C9C}"
EndProject
Global
	GlobalSection(SolutionConfigurationPlatforms) = preSolution
		Debug|Any CPU = Debug|Any CPU
		Release|Any CPU = Release|Any CPU
	EndGlobalSection
	GlobalSection(ProjectConfigurationPlatforms) = postSolution
		{BC431DF0-838D-4B9D-BA8E-8F28DA012C9C}.Debug|Any CPU.ActiveCfg = Debug|Any CPU
		{BC431DF0-838D-4B9D-BA8E-8F28DA012C9C}.Debug|Any CPU.Build.0 = Debug|Any CPU
		{BC431DF0-838D-4B9D-BA8E-8F28DA012C9C}.Release|Any CPU.ActiveCfg = Release|Any CPU
		{BC431DF0-838D-4B9D-BA8E-8F28DA012C9C}.Release|Any CPU.Build.0 = Release|Any CPU
	EndGlobalSection
	GlobalSection(SolutionProperties) = preSolution
		HideSolutionNode = FALSE
	EndGlobalSection
	GlobalSection(ExtensibilityGlobals) = postSolution
		SolutionGuid = {119EB287-3069-4A9B-B596-4D4482ABB900}
	EndGlobalSection
EndGlobal
