
Microsoft Visual Studio Solution File, Format Version 12.00
# Visual Studio Version 16
VisualStudioVersion = 16.0.29503.13
MinimumVisualStudioVersion = 10.0.40219.1
Project("{FAE04EC0-301F-11D3-BF4B-00C04F79EFBC}") = "09.SimpleTextEditor", "09.SimpleTextEditor\09.SimpleTextEditor.csproj", "{7D5F1774-5290-4111-99A4-2739A9E22D36}"
EndProject
Global
	GlobalSection(SolutionConfigurationPlatforms) = preSolution
		Debug|Any CPU = Debug|Any CPU
		Release|Any CPU = Release|Any CPU
	EndGlobalSection
	GlobalSection(ProjectConfigurationPlatforms) = postSolution
		{7D5F1774-5290-4111-99A4-2739A9E22D36}.Debug|Any CPU.ActiveCfg = Debug|Any CPU
		{7D5F1774-5290-4111-99A4-2739A9E22D36}.Debug|Any CPU.Build.0 = Debug|Any CPU
		{7D5F1774-5290-4111-99A4-2739A9E22D36}.Release|Any CPU.ActiveCfg = Release|Any CPU
		{7D5F1774-5290-4111-99A4-2739A9E22D36}.Release|Any CPU.Build.0 = Release|Any CPU
	EndGlobalSection
	GlobalSection(SolutionProperties) = preSolution
		HideSolutionNode = FALSE
	EndGlobalSection
	GlobalSection(ExtensibilityGlobals) = postSolution
		SolutionGuid = {33944501-C4E1-4F35-A7C8-A394E41B6A94}
	EndGlobalSection
EndGlobal
