
Microsoft Visual Studio Solution File, Format Version 12.00
# Visual Studio Version 16
VisualStudioVersion = 16.0.29503.13
MinimumVisualStudioVersion = 10.0.40219.1
Project("{FAE04EC0-301F-11D3-BF4B-00C04F79EFBC}") = "04.FastFood", "04.FastFood\04.FastFood.csproj", "{76B84454-4604-44CE-A03D-BCD2410DF562}"
EndProject
Global
	GlobalSection(SolutionConfigurationPlatforms) = preSolution
		Debug|Any CPU = Debug|Any CPU
		Release|Any CPU = Release|Any CPU
	EndGlobalSection
	GlobalSection(ProjectConfigurationPlatforms) = postSolution
		{76B84454-4604-44CE-A03D-BCD2410DF562}.Debug|Any CPU.ActiveCfg = Debug|Any CPU
		{76B84454-4604-44CE-A03D-BCD2410DF562}.Debug|Any CPU.Build.0 = Debug|Any CPU
		{76B84454-4604-44CE-A03D-BCD2410DF562}.Release|Any CPU.ActiveCfg = Release|Any CPU
		{76B84454-4604-44CE-A03D-BCD2410DF562}.Release|Any CPU.Build.0 = Release|Any CPU
	EndGlobalSection
	GlobalSection(SolutionProperties) = preSolution
		HideSolutionNode = FALSE
	EndGlobalSection
	GlobalSection(ExtensibilityGlobals) = postSolution
		SolutionGuid = {009CC1D9-1122-4371-B7E6-CFB227DDF444}
	EndGlobalSection
EndGlobal
