
Microsoft Visual Studio Solution File, Format Version 12.00
# Visual Studio Version 16
VisualStudioVersion = 16.0.29503.13
MinimumVisualStudioVersion = 10.0.40219.1
Project("{FAE04EC0-301F-11D3-BF4B-00C04F79EFBC}") = "09.ListOfPredicates", "09.ListOfPredicates\09.ListOfPredicates.csproj", "{FE5E70F5-D366-47FD-9E21-E0B5E3CE5671}"
EndProject
Global
	GlobalSection(SolutionConfigurationPlatforms) = preSolution
		Debug|Any CPU = Debug|Any CPU
		Release|Any CPU = Release|Any CPU
	EndGlobalSection
	GlobalSection(ProjectConfigurationPlatforms) = postSolution
		{FE5E70F5-D366-47FD-9E21-E0B5E3CE5671}.Debug|Any CPU.ActiveCfg = Debug|Any CPU
		{FE5E70F5-D366-47FD-9E21-E0B5E3CE5671}.Debug|Any CPU.Build.0 = Debug|Any CPU
		{FE5E70F5-D366-47FD-9E21-E0B5E3CE5671}.Release|Any CPU.ActiveCfg = Release|Any CPU
		{FE5E70F5-D366-47FD-9E21-E0B5E3CE5671}.Release|Any CPU.Build.0 = Release|Any CPU
	EndGlobalSection
	GlobalSection(SolutionProperties) = preSolution
		HideSolutionNode = FALSE
	EndGlobalSection
	GlobalSection(ExtensibilityGlobals) = postSolution
		SolutionGuid = {5AFF48C4-D249-4CB3-B8A5-C7A7942DE6BC}
	EndGlobalSection
EndGlobal
