
Microsoft Visual Studio Solution File, Format Version 12.00
# Visual Studio Version 16
VisualStudioVersion = 16.0.30523.141
MinimumVisualStudioVersion = 10.0.40219.1
Project("{FAE04EC0-301F-11D3-BF4B-00C04F79EFBC}") = "MergeSort", "MergeSort\MergeSort.csproj", "{A903473B-DCBB-4DA5-A0BA-04360CF61449}"
EndProject
Global
	GlobalSection(SolutionConfigurationPlatforms) = preSolution
		Debug|Any CPU = Debug|Any CPU
		Release|Any CPU = Release|Any CPU
	EndGlobalSection
	GlobalSection(ProjectConfigurationPlatforms) = postSolution
		{A903473B-DCBB-4DA5-A0BA-04360CF61449}.Debug|Any CPU.ActiveCfg = Debug|Any CPU
		{A903473B-DCBB-4DA5-A0BA-04360CF61449}.Debug|Any CPU.Build.0 = Debug|Any CPU
		{A903473B-DCBB-4DA5-A0BA-04360CF61449}.Release|Any CPU.ActiveCfg = Release|Any CPU
		{A903473B-DCBB-4DA5-A0BA-04360CF61449}.Release|Any CPU.Build.0 = Release|Any CPU
	EndGlobalSection
	GlobalSection(SolutionProperties) = preSolution
		HideSolutionNode = FALSE
	EndGlobalSection
	GlobalSection(ExtensibilityGlobals) = postSolution
		SolutionGuid = {D0AE83E1-F27B-48C8-9B7E-312D9D82A573}
	EndGlobalSection
EndGlobal
