
Microsoft Visual Studio Solution File, Format Version 12.00
# Visual Studio Version 16
VisualStudioVersion = 16.0.29503.13
MinimumVisualStudioVersion = 10.0.40219.1
Project("{FAE04EC0-301F-11D3-BF4B-00C04F79EFBC}") = "07.RawData", "07.RawData\07.RawData.csproj", "{E0ABF8E5-1B06-4733-9DDC-05AEE2CF3A7F}"
EndProject
Global
	GlobalSection(SolutionConfigurationPlatforms) = preSolution
		Debug|Any CPU = Debug|Any CPU
		Release|Any CPU = Release|Any CPU
	EndGlobalSection
	GlobalSection(ProjectConfigurationPlatforms) = postSolution
		{E0ABF8E5-1B06-4733-9DDC-05AEE2CF3A7F}.Debug|Any CPU.ActiveCfg = Debug|Any CPU
		{E0ABF8E5-1B06-4733-9DDC-05AEE2CF3A7F}.Debug|Any CPU.Build.0 = Debug|Any CPU
		{E0ABF8E5-1B06-4733-9DDC-05AEE2CF3A7F}.Release|Any CPU.ActiveCfg = Release|Any CPU
		{E0ABF8E5-1B06-4733-9DDC-05AEE2CF3A7F}.Release|Any CPU.Build.0 = Release|Any CPU
	EndGlobalSection
	GlobalSection(SolutionProperties) = preSolution
		HideSolutionNode = FALSE
	EndGlobalSection
	GlobalSection(ExtensibilityGlobals) = postSolution
		SolutionGuid = {97CCDDDE-E085-4AB7-9852-DF972F50009A}
	EndGlobalSection
EndGlobal
